
Microsoft Visual Studio Solution File, Format Version 12.00
# Visual Studio 15
VisualStudioVersion = 15.0.27004.2005
MinimumVisualStudioVersion = 10.0.40219.1
Project("{FAE04EC0-301F-11D3-BF4B-00C04F79EFBC}") = "ExtendedInspectData", "ExtendedInspectData.csproj", "{F8578749-BBDD-49AA-ADC8-9B6187DF041A}"
EndProject
Global
	GlobalSection(SolutionConfigurationPlatforms) = preSolution
		Debug|Any CPU = Debug|Any CPU
		Release|Any CPU = Release|Any CPU
	EndGlobalSection
	GlobalSection(ProjectConfigurationPlatforms) = postSolution
		{F8578749-BBDD-49AA-ADC8-9B6187DF041A}.Debug|Any CPU.ActiveCfg = Debug|Any CPU
		{F8578749-BBDD-49AA-ADC8-9B6187DF041A}.Debug|Any CPU.Build.0 = Debug|Any CPU
		{F8578749-BBDD-49AA-ADC8-9B6187DF041A}.Release|Any CPU.ActiveCfg = Release|Any CPU
		{F8578749-BBDD-49AA-ADC8-9B6187DF041A}.Release|Any CPU.Build.0 = Release|Any CPU
	EndGlobalSection
	GlobalSection(SolutionProperties) = preSolution
		HideSolutionNode = FALSE
	EndGlobalSection
	GlobalSection(ExtensibilityGlobals) = postSolution
		SolutionGuid = {2EBB7E3C-A326-44E2-918D-268905BC2713}
	EndGlobalSection
EndGlobal
